
Microsoft Visual Studio Solution File, Format Version 12.00
# Visual Studio Version 17
VisualStudioVersion = 17.4.33205.214
MinimumVisualStudioVersion = 10.0.40219.1
Project("{9A19103F-16F7-4668-BE54-9A1E7A4F7556}") = "Realta.Frontend", "Realta.Frontend\Realta.Frontend.csproj", "{9C1304A7-14B4-4D56-9C27-B82C13A13028}"
EndProject
Project("{9A19103F-16F7-4668-BE54-9A1E7A4F7556}") = "Realta.Contract", "..\RealtaHotelWebApi\Realta.Contract\Realta.Contract.csproj", "{0CC17628-6D81-41DC-8B51-8CF6E0F47ECC}"
EndProject
Global
	GlobalSection(SolutionConfigurationPlatforms) = preSolution
		Debug|Any CPU = Debug|Any CPU
		Release|Any CPU = Release|Any CPU
	EndGlobalSection
	GlobalSection(ProjectConfigurationPlatforms) = postSolution
		{9C1304A7-14B4-4D56-9C27-B82C13A13028}.Debug|Any CPU.ActiveCfg = Debug|Any CPU
		{9C1304A7-14B4-4D56-9C27-B82C13A13028}.Debug|Any CPU.Build.0 = Debug|Any CPU
		{9C1304A7-14B4-4D56-9C27-B82C13A13028}.Release|Any CPU.ActiveCfg = Release|Any CPU
		{9C1304A7-14B4-4D56-9C27-B82C13A13028}.Release|Any CPU.Build.0 = Release|Any CPU
		{0CC17628-6D81-41DC-8B51-8CF6E0F47ECC}.Debug|Any CPU.ActiveCfg = Debug|Any CPU
		{0CC17628-6D81-41DC-8B51-8CF6E0F47ECC}.Debug|Any CPU.Build.0 = Debug|Any CPU
		{0CC17628-6D81-41DC-8B51-8CF6E0F47ECC}.Release|Any CPU.ActiveCfg = Release|Any CPU
		{0CC17628-6D81-41DC-8B51-8CF6E0F47ECC}.Release|Any CPU.Build.0 = Release|Any CPU
	EndGlobalSection
	GlobalSection(SolutionProperties) = preSolution
		HideSolutionNode = FALSE
	EndGlobalSection
	GlobalSection(ExtensibilityGlobals) = postSolution
		SolutionGuid = {AC772FED-7A1C-45BC-BABD-E14833475042}
	EndGlobalSection
EndGlobal
